// !$*UTF8*$!
{
	archiveVersion = 1;
	classes = {
	};
	objectVersion = 45;
	objects = {

/* Begin PBXBuildFile section */
		1D3623260D0F684500981E51 /* AggregateAppDelegate.m in Sources */ = {isa = PBXBuildFile; fileRef = 1D3623250D0F684500981E51 /* AggregateAppDelegate.m */; };
		1D60589B0D05DD56006BFB54 /* main.m in Sources */ = {isa = PBXBuildFile; fileRef = 29B97316FDCFA39411CA2CEA /* main.m */; };
		1D60589F0D05DD5A006BFB54 /* Foundation.framework in Frameworks */ = {isa = PBXBuildFile; fileRef = 1D30AB110D05D00D00671497 /* Foundation.framework */; };
		1DF5F4E00D08C38300B7A737 /* UIKit.framework in Frameworks */ = {isa = PBXBuildFile; fileRef = 1DF5F4DF0D08C38300B7A737 /* UIKit.framework */; };
		288765A50DF7441C002DB57D /* CoreGraphics.framework in Frameworks */ = {isa = PBXBuildFile; fileRef = 288765A40DF7441C002DB57D /* CoreGraphics.framework */; };
		2899E5220DE3E06400AC0155 /* AggregateViewController.xib in Resources */ = {isa = PBXBuildFile; fileRef = 2899E5210DE3E06400AC0155 /* AggregateViewController.xib */; };
		28AD733F0D9D9553002E5188 /* MainWindow.xib in Resources */ = {isa = PBXBuildFile; fileRef = 28AD733E0D9D9553002E5188 /* MainWindow.xib */; };
		28D7ACF80DDB3853001CB0EB /* AggregateViewController.m in Sources */ = {isa = PBXBuildFile; fileRef = 28D7ACF70DDB3853001CB0EB /* AggregateViewController.m */; };
		2E3BC4A1123E12040012F88B /* Country.m in Sources */ = {isa = PBXBuildFile; fileRef = 2E3BC4A0123E12040012F88B /* Country.m */; };
		2E46F36912365C4A00123CDE /* AddMoneyToBalanceViewController.m in Sources */ = {isa = PBXBuildFile; fileRef = 2E46F36712365C4A00123CDE /* AddMoneyToBalanceViewController.m */; };
		2E46F36A12365C4A00123CDE /* AddMoneyToBalanceViewController.xib in Resources */ = {isa = PBXBuildFile; fileRef = 2E46F36812365C4A00123CDE /* AddMoneyToBalanceViewController.xib */; };
		2E46F37712365F1800123CDE /* AccountHistoryViewController.m in Sources */ = {isa = PBXBuildFile; fileRef = 2E46F37512365F1800123CDE /* AccountHistoryViewController.m */; };
		2E46F37812365F1800123CDE /* AccountHistoryViewController.xib in Resources */ = {isa = PBXBuildFile; fileRef = 2E46F37612365F1800123CDE /* AccountHistoryViewController.xib */; };
		2E46F3F41236664400123CDE /* DescriptionAndNumberCell.m in Sources */ = {isa = PBXBuildFile; fileRef = 2E46F3F31236664400123CDE /* DescriptionAndNumberCell.m */; };
		2E46F3F71236667E00123CDE /* DescriptionAndNumber.m in Sources */ = {isa = PBXBuildFile; fileRef = 2E46F3F61236667E00123CDE /* DescriptionAndNumber.m */; };
		2E46F3FA1236670F00123CDE /* Label2.m in Sources */ = {isa = PBXBuildFile; fileRef = 2E46F3F91236670F00123CDE /* Label2.m */; };
		2E46F40C123668C100123CDE /* PurchasePluginsCell.xib in Resources */ = {isa = PBXBuildFile; fileRef = 2E46F40B123668C100123CDE /* PurchasePluginsCell.xib */; };
		2E5482CB12431A30000DEF6D /* Icon.png in Resources */ = {isa = PBXBuildFile; fileRef = 2E5482CA12431A30000DEF6D /* Icon.png */; };
		2E5E4DE51238C26400BA3818 /* PurchaseProducts.m in Sources */ = {isa = PBXBuildFile; fileRef = 2E5E4DE41238C26400BA3818 /* PurchaseProducts.m */; };
		2E7337D612349C5200D6CE53 /* blueButton_noshadow.png in Resources */ = {isa = PBXBuildFile; fileRef = 2E7337D412349C5200D6CE53 /* blueButton_noshadow.png */; };
		2E7337D712349C5200D6CE53 /* whitebutton_noshadow.png in Resources */ = {isa = PBXBuildFile; fileRef = 2E7337D512349C5200D6CE53 /* whitebutton_noshadow.png */; };
		2E7337EF1234A03D00D6CE53 /* SignUpViewController.m in Sources */ = {isa = PBXBuildFile; fileRef = 2E7337ED1234A03D00D6CE53 /* SignUpViewController.m */; };
		2E7337F01234A03D00D6CE53 /* SignUpViewController.xib in Resources */ = {isa = PBXBuildFile; fileRef = 2E7337EE1234A03D00D6CE53 /* SignUpViewController.xib */; };
		2E7338111234A27300D6CE53 /* Model.m in Sources */ = {isa = PBXBuildFile; fileRef = 2E7338101234A27300D6CE53 /* Model.m */; };
		2E7B135A124729AC00798B54 /* AddMoneyInAppPurchaseViewController.m in Sources */ = {isa = PBXBuildFile; fileRef = 2E7B1358124729AC00798B54 /* AddMoneyInAppPurchaseViewController.m */; };
		2E7B135B124729AC00798B54 /* AddMoneyInAppPurchaseViewController.xib in Resources */ = {isa = PBXBuildFile; fileRef = 2E7B1359124729AC00798B54 /* AddMoneyInAppPurchaseViewController.xib */; };
		2E7B13C1124735DF00798B54 /* StoreKit.framework in Frameworks */ = {isa = PBXBuildFile; fileRef = 2E7B13C0124735DF00798B54 /* StoreKit.framework */; };
		2E861F211237A30800E697AF /* CardEntry.m in Sources */ = {isa = PBXBuildFile; fileRef = 2E861F201237A30800E697AF /* CardEntry.m */; };
		2E886A8512361F75006BE689 /* TextEntryCell.m in Sources */ = {isa = PBXBuildFile; fileRef = 2E886A8212361F75006BE689 /* TextEntryCell.m */; };
		2E886A8612361F75006BE689 /* Entry.m in Sources */ = {isa = PBXBuildFile; fileRef = 2E886A8412361F75006BE689 /* Entry.m */; };
		2E886A9312362136006BE689 /* TextEntryCell.xib in Resources */ = {isa = PBXBuildFile; fileRef = 2E886A9212362136006BE689 /* TextEntryCell.xib */; };
		2E886AB5123626C4006BE689 /* SignUp2ViewController.m in Sources */ = {isa = PBXBuildFile; fileRef = 2E886AB3123626C3006BE689 /* SignUp2ViewController.m */; };
		2E886AB6123626C4006BE689 /* SignUp2ViewController.xib in Resources */ = {isa = PBXBuildFile; fileRef = 2E886AB4123626C4006BE689 /* SignUp2ViewController.xib */; };
		2E8A467F12365768007CDC19 /* PurchasePluginsViewController.m in Sources */ = {isa = PBXBuildFile; fileRef = 2E8A467D12365768007CDC19 /* PurchasePluginsViewController.m */; };
		2E8A468012365768007CDC19 /* PurchasePluginsViewController.xib in Resources */ = {isa = PBXBuildFile; fileRef = 2E8A467E12365768007CDC19 /* PurchasePluginsViewController.xib */; };
		2E8A468F1236581F007CDC19 /* grayline.png in Resources */ = {isa = PBXBuildFile; fileRef = 2E8A468E1236581F007CDC19 /* grayline.png */; };
		2E8E1FF0123883220037DFEF /* MerchantItemData.m in Sources */ = {isa = PBXBuildFile; fileRef = 2E8E1FEF123883220037DFEF /* MerchantItemData.m */; };
		2E8E1FFC1238895E0037DFEF /* QuartzCore.framework in Frameworks */ = {isa = PBXBuildFile; fileRef = 2E8E1FFB1238895E0037DFEF /* QuartzCore.framework */; };
		2E98C7581237BDFE005AC254 /* AddMoneyCardTextEntryViewController.m in Sources */ = {isa = PBXBuildFile; fileRef = 2E98C7561237BDFE005AC254 /* AddMoneyCardTextEntryViewController.m */; };
		2E98C7591237BDFE005AC254 /* AddMoneyCardTextEntryViewController.xib in Resources */ = {isa = PBXBuildFile; fileRef = 2E98C7571237BDFE005AC254 /* AddMoneyCardTextEntryViewController.xib */; };
		2EA24D5612555EE50020498F /* libNetmobo.a in Frameworks */ = {isa = PBXBuildFile; fileRef = 2EA24D5512555EE50020498F /* libNetmobo.a */; };
		2EB9BC1F1237086500190B24 /* History.m in Sources */ = {isa = PBXBuildFile; fileRef = 2EB9BC1C1237086500190B24 /* History.m */; };
		2EB9BC201237086500190B24 /* HistoryTableCell.m in Sources */ = {isa = PBXBuildFile; fileRef = 2EB9BC1E1237086500190B24 /* HistoryTableCell.m */; };
		2EB9BC2C12370B6200190B24 /* AccountHistoryCell.xib in Resources */ = {isa = PBXBuildFile; fileRef = 2EB9BC2B12370B6200190B24 /* AccountHistoryCell.xib */; };
		2EB9BCD212372D4400190B24 /* AddMoneyEditViewController.m in Sources */ = {isa = PBXBuildFile; fileRef = 2EB9BCD012372D4400190B24 /* AddMoneyEditViewController.m */; };
		2EB9BCD312372D4400190B24 /* AddMoneyEditViewController.xib in Resources */ = {isa = PBXBuildFile; fileRef = 2EB9BCD112372D4400190B24 /* AddMoneyEditViewController.xib */; };
		2EB9BE621237589300190B24 /* AddMoneyCardViewController.m in Sources */ = {isa = PBXBuildFile; fileRef = 2EB9BE601237589300190B24 /* AddMoneyCardViewController.m */; };
		2EB9BE631237589300190B24 /* AddMoneyCardViewController.xib in Resources */ = {isa = PBXBuildFile; fileRef = 2EB9BE611237589300190B24 /* AddMoneyCardViewController.xib */; };
		2EB9BECA12376B5100190B24 /* AddMoneyCardExpirationViewController.m in Sources */ = {isa = PBXBuildFile; fileRef = 2EB9BEC812376B5100190B24 /* AddMoneyCardExpirationViewController.m */; };
		2EB9BECB12376B5100190B24 /* AddMoneyCardExpirationViewController.xib in Resources */ = {isa = PBXBuildFile; fileRef = 2EB9BEC912376B5100190B24 /* AddMoneyCardExpirationViewController.xib */; };
		2ED5E9A11230CDA300C3D433 /* LoginViewController.m in Sources */ = {isa = PBXBuildFile; fileRef = 2ED5E99F1230CDA300C3D433 /* LoginViewController.m */; };
		2ED5E9A21230CDA300C3D433 /* LoginViewController.xib in Resources */ = {isa = PBXBuildFile; fileRef = 2ED5E9A01230CDA300C3D433 /* LoginViewController.xib */; };
		2ED5E9C61230D3A100C3D433 /* HomeViewController.m in Sources */ = {isa = PBXBuildFile; fileRef = 2ED5E9C41230D3A100C3D433 /* HomeViewController.m */; };
		2ED5E9C71230D3A100C3D433 /* HomeViewController.xib in Resources */ = {isa = PBXBuildFile; fileRef = 2ED5E9C51230D3A100C3D433 /* HomeViewController.xib */; };
		2ED915DF1240A3F400C99880 /* State.m in Sources */ = {isa = PBXBuildFile; fileRef = 2ED915DE1240A3F400C99880 /* State.m */; };
/* End PBXBuildFile section */

/* Begin PBXFileReference section */
		1D30AB110D05D00D00671497 /* Foundation.framework */ = {isa = PBXFileReference; lastKnownFileType = wrapper.framework; name = Foundation.framework; path = System/Library/Frameworks/Foundation.framework; sourceTree = SDKROOT; };
		1D3623240D0F684500981E51 /* AggregateAppDelegate.h */ = {isa = PBXFileReference; fileEncoding = 4; lastKnownFileType = sourcecode.c.h; path = AggregateAppDelegate.h; sourceTree = "<group>"; };
		1D3623250D0F684500981E51 /* AggregateAppDelegate.m */ = {isa = PBXFileReference; fileEncoding = 4; lastKnownFileType = sourcecode.c.objc; path = AggregateAppDelegate.m; sourceTree = "<group>"; };
		1D6058910D05DD3D006BFB54 /* Dynamic Pricing Quickstart.app */ = {isa = PBXFileReference; explicitFileType = wrapper.application; includeInIndex = 0; path = "Dynamic Pricing Quickstart.app"; sourceTree = BUILT_PRODUCTS_DIR; };
		1DF5F4DF0D08C38300B7A737 /* UIKit.framework */ = {isa = PBXFileReference; lastKnownFileType = wrapper.framework; name = UIKit.framework; path = System/Library/Frameworks/UIKit.framework; sourceTree = SDKROOT; };
		288765A40DF7441C002DB57D /* CoreGraphics.framework */ = {isa = PBXFileReference; lastKnownFileType = wrapper.framework; name = CoreGraphics.framework; path = System/Library/Frameworks/CoreGraphics.framework; sourceTree = SDKROOT; };
		2899E5210DE3E06400AC0155 /* AggregateViewController.xib */ = {isa = PBXFileReference; lastKnownFileType = file.xib; path = AggregateViewController.xib; sourceTree = "<group>"; };
		28AD733E0D9D9553002E5188 /* MainWindow.xib */ = {isa = PBXFileReference; lastKnownFileType = file.xib; path = MainWindow.xib; sourceTree = "<group>"; };
		28D7ACF60DDB3853001CB0EB /* AggregateViewController.h */ = {isa = PBXFileReference; fileEncoding = 4; lastKnownFileType = sourcecode.c.h; path = AggregateViewController.h; sourceTree = "<group>"; };
		28D7ACF70DDB3853001CB0EB /* AggregateViewController.m */ = {isa = PBXFileReference; fileEncoding = 4; lastKnownFileType = sourcecode.c.objc; path = AggregateViewController.m; sourceTree = "<group>"; };
		29B97316FDCFA39411CA2CEA /* main.m */ = {isa = PBXFileReference; fileEncoding = 4; lastKnownFileType = sourcecode.c.objc; path = main.m; sourceTree = "<group>"; };
		2E3BC49F123E12040012F88B /* Country.h */ = {isa = PBXFileReference; fileEncoding = 4; lastKnownFileType = sourcecode.c.h; path = Country.h; sourceTree = "<group>"; };
		2E3BC4A0123E12040012F88B /* Country.m */ = {isa = PBXFileReference; fileEncoding = 4; lastKnownFileType = sourcecode.c.objc; path = Country.m; sourceTree = "<group>"; };
		2E46F36612365C4A00123CDE /* AddMoneyToBalanceViewController.h */ = {isa = PBXFileReference; fileEncoding = 4; lastKnownFileType = sourcecode.c.h; path = AddMoneyToBalanceViewController.h; sourceTree = "<group>"; };
		2E46F36712365C4A00123CDE /* AddMoneyToBalanceViewController.m */ = {isa = PBXFileReference; fileEncoding = 4; lastKnownFileType = sourcecode.c.objc; path = AddMoneyToBalanceViewController.m; sourceTree = "<group>"; };
		2E46F36812365C4A00123CDE /* AddMoneyToBalanceViewController.xib */ = {isa = PBXFileReference; lastKnownFileType = file.xib; name = AddMoneyToBalanceViewController.xib; path = Classes/AddMoneyToBalanceViewController.xib; sourceTree = "<group>"; };
		2E46F37412365F1800123CDE /* AccountHistoryViewController.h */ = {isa = PBXFileReference; fileEncoding = 4; lastKnownFileType = sourcecode.c.h; path = AccountHistoryViewController.h; sourceTree = "<group>"; };
		2E46F37512365F1800123CDE /* AccountHistoryViewController.m */ = {isa = PBXFileReference; fileEncoding = 4; lastKnownFileType = sourcecode.c.objc; path = AccountHistoryViewController.m; sourceTree = "<group>"; };
		2E46F37612365F1800123CDE /* AccountHistoryViewController.xib */ = {isa = PBXFileReference; lastKnownFileType = file.xib; name = AccountHistoryViewController.xib; path = Classes/AccountHistoryViewController.xib; sourceTree = "<group>"; };
		2E46F3F21236664400123CDE /* DescriptionAndNumberCell.h */ = {isa = PBXFileReference; fileEncoding = 4; lastKnownFileType = sourcecode.c.h; name = DescriptionAndNumberCell.h; path = Classes/DescriptionAndNumberCell.h; sourceTree = "<group>"; };
		2E46F3F31236664400123CDE /* DescriptionAndNumberCell.m */ = {isa = PBXFileReference; fileEncoding = 4; lastKnownFileType = sourcecode.c.objc; name = DescriptionAndNumberCell.m; path = Classes/DescriptionAndNumberCell.m; sourceTree = "<group>"; };
		2E46F3F51236667E00123CDE /* DescriptionAndNumber.h */ = {isa = PBXFileReference; fileEncoding = 4; lastKnownFileType = sourcecode.c.h; path = DescriptionAndNumber.h; sourceTree = "<group>"; };
		2E46F3F61236667E00123CDE /* DescriptionAndNumber.m */ = {isa = PBXFileReference; fileEncoding = 4; lastKnownFileType = sourcecode.c.objc; path = DescriptionAndNumber.m; sourceTree = "<group>"; };
		2E46F3F81236670F00123CDE /* Label2.h */ = {isa = PBXFileReference; fileEncoding = 4; lastKnownFileType = sourcecode.c.h; path = Label2.h; sourceTree = "<group>"; };
		2E46F3F91236670F00123CDE /* Label2.m */ = {isa = PBXFileReference; fileEncoding = 4; lastKnownFileType = sourcecode.c.objc; path = Label2.m; sourceTree = "<group>"; };
		2E46F40B123668C100123CDE /* PurchasePluginsCell.xib */ = {isa = PBXFileReference; lastKnownFileType = file.xib; path = PurchasePluginsCell.xib; sourceTree = "<group>"; };
		2E5482CA12431A30000DEF6D /* Icon.png */ = {isa = PBXFileReference; lastKnownFileType = image.png; path = Icon.png; sourceTree = "<group>"; };
		2E5E4DE31238C26400BA3818 /* PurchaseProducts.h */ = {isa = PBXFileReference; fileEncoding = 4; lastKnownFileType = sourcecode.c.h; path = PurchaseProducts.h; sourceTree = "<group>"; };
		2E5E4DE41238C26400BA3818 /* PurchaseProducts.m */ = {isa = PBXFileReference; fileEncoding = 4; lastKnownFileType = sourcecode.c.objc; path = PurchaseProducts.m; sourceTree = "<group>"; };
		2E7337D412349C5200D6CE53 /* blueButton_noshadow.png */ = {isa = PBXFileReference; lastKnownFileType = image.png; path = blueButton_noshadow.png; sourceTree = "<group>"; };
		2E7337D512349C5200D6CE53 /* whitebutton_noshadow.png */ = {isa = PBXFileReference; lastKnownFileType = image.png; path = whitebutton_noshadow.png; sourceTree = "<group>"; };
		2E7337EC1234A03D00D6CE53 /* SignUpViewController.h */ = {isa = PBXFileReference; fileEncoding = 4; lastKnownFileType = sourcecode.c.h; path = SignUpViewController.h; sourceTree = "<group>"; };
		2E7337ED1234A03D00D6CE53 /* SignUpViewController.m */ = {isa = PBXFileReference; fileEncoding = 4; lastKnownFileType = sourcecode.c.objc; path = SignUpViewController.m; sourceTree = "<group>"; };
		2E7337EE1234A03D00D6CE53 /* SignUpViewController.xib */ = {isa = PBXFileReference; lastKnownFileType = file.xib; name = SignUpViewController.xib; path = Classes/SignUpViewController.xib; sourceTree = "<group>"; };
		2E73380F1234A27300D6CE53 /* Model.h */ = {isa = PBXFileReference; fileEncoding = 4; lastKnownFileType = sourcecode.c.h; path = Model.h; sourceTree = "<group>"; };
		2E7338101234A27300D6CE53 /* Model.m */ = {isa = PBXFileReference; fileEncoding = 4; lastKnownFileType = sourcecode.c.objc; path = Model.m; sourceTree = "<group>"; };
		2E7B1357124729AC00798B54 /* AddMoneyInAppPurchaseViewController.h */ = {isa = PBXFileReference; fileEncoding = 4; lastKnownFileType = sourcecode.c.h; path = AddMoneyInAppPurchaseViewController.h; sourceTree = "<group>"; };
		2E7B1358124729AC00798B54 /* AddMoneyInAppPurchaseViewController.m */ = {isa = PBXFileReference; fileEncoding = 4; lastKnownFileType = sourcecode.c.objc; path = AddMoneyInAppPurchaseViewController.m; sourceTree = "<group>"; };
		2E7B1359124729AC00798B54 /* AddMoneyInAppPurchaseViewController.xib */ = {isa = PBXFileReference; lastKnownFileType = file.xib; name = AddMoneyInAppPurchaseViewController.xib; path = Classes/AddMoneyInAppPurchaseViewController.xib; sourceTree = "<group>"; };
		2E7B13C0124735DF00798B54 /* StoreKit.framework */ = {isa = PBXFileReference; lastKnownFileType = wrapper.framework; name = StoreKit.framework; path = System/Library/Frameworks/StoreKit.framework; sourceTree = SDKROOT; };
		2E861F1F1237A30800E697AF /* CardEntry.h */ = {isa = PBXFileReference; fileEncoding = 4; lastKnownFileType = sourcecode.c.h; path = CardEntry.h; sourceTree = "<group>"; };
		2E861F201237A30800E697AF /* CardEntry.m */ = {isa = PBXFileReference; fileEncoding = 4; lastKnownFileType = sourcecode.c.objc; path = CardEntry.m; sourceTree = "<group>"; };
		2E886A8112361F75006BE689 /* TextEntryCell.h */ = {isa = PBXFileReference; fileEncoding = 4; lastKnownFileType = sourcecode.c.h; path = TextEntryCell.h; sourceTree = "<group>"; };
		2E886A8212361F75006BE689 /* TextEntryCell.m */ = {isa = PBXFileReference; fileEncoding = 4; lastKnownFileType = sourcecode.c.objc; path = TextEntryCell.m; sourceTree = "<group>"; };
		2E886A8312361F75006BE689 /* Entry.h */ = {isa = PBXFileReference; fileEncoding = 4; lastKnownFileType = sourcecode.c.h; path = Entry.h; sourceTree = "<group>"; };
		2E886A8412361F75006BE689 /* Entry.m */ = {isa = PBXFileReference; fileEncoding = 4; lastKnownFileType = sourcecode.c.objc; path = Entry.m; sourceTree = "<group>"; };
		2E886A9212362136006BE689 /* TextEntryCell.xib */ = {isa = PBXFileReference; lastKnownFileType = file.xib; path = TextEntryCell.xib; sourceTree = "<group>"; };
		2E886AB2123626C3006BE689 /* SignUp2ViewController.h */ = {isa = PBXFileReference; fileEncoding = 4; lastKnownFileType = sourcecode.c.h; path = SignUp2ViewController.h; sourceTree = "<group>"; };
		2E886AB3123626C3006BE689 /* SignUp2ViewController.m */ = {isa = PBXFileReference; fileEncoding = 4; lastKnownFileType = sourcecode.c.objc; path = SignUp2ViewController.m; sourceTree = "<group>"; };
		2E886AB4123626C4006BE689 /* SignUp2ViewController.xib */ = {isa = PBXFileReference; lastKnownFileType = file.xib; name = SignUp2ViewController.xib; path = Classes/SignUp2ViewController.xib; sourceTree = "<group>"; };
		2E8A467C12365768007CDC19 /* PurchasePluginsViewController.h */ = {isa = PBXFileReference; fileEncoding = 4; lastKnownFileType = sourcecode.c.h; path = PurchasePluginsViewController.h; sourceTree = "<group>"; };
		2E8A467D12365768007CDC19 /* PurchasePluginsViewController.m */ = {isa = PBXFileReference; fileEncoding = 4; lastKnownFileType = sourcecode.c.objc; path = PurchasePluginsViewController.m; sourceTree = "<group>"; };
		2E8A467E12365768007CDC19 /* PurchasePluginsViewController.xib */ = {isa = PBXFileReference; lastKnownFileType = file.xib; name = PurchasePluginsViewController.xib; path = Classes/PurchasePluginsViewController.xib; sourceTree = "<group>"; };
		2E8A468E1236581F007CDC19 /* grayline.png */ = {isa = PBXFileReference; lastKnownFileType = image.png; path = grayline.png; sourceTree = "<group>"; };
		2E8E1FEE123883220037DFEF /* MerchantItemData.h */ = {isa = PBXFileReference; fileEncoding = 4; lastKnownFileType = sourcecode.c.h; path = MerchantItemData.h; sourceTree = "<group>"; };
		2E8E1FEF123883220037DFEF /* MerchantItemData.m */ = {isa = PBXFileReference; fileEncoding = 4; lastKnownFileType = sourcecode.c.objc; path = MerchantItemData.m; sourceTree = "<group>"; };
		2E8E1FFB1238895E0037DFEF /* QuartzCore.framework */ = {isa = PBXFileReference; lastKnownFileType = wrapper.framework; name = QuartzCore.framework; path = System/Library/Frameworks/QuartzCore.framework; sourceTree = SDKROOT; };
		2E98C7551237BDFE005AC254 /* AddMoneyCardTextEntryViewController.h */ = {isa = PBXFileReference; fileEncoding = 4; lastKnownFileType = sourcecode.c.h; path = AddMoneyCardTextEntryViewController.h; sourceTree = "<group>"; };
		2E98C7561237BDFE005AC254 /* AddMoneyCardTextEntryViewController.m */ = {isa = PBXFileReference; fileEncoding = 4; lastKnownFileType = sourcecode.c.objc; path = AddMoneyCardTextEntryViewController.m; sourceTree = "<group>"; };
		2E98C7571237BDFE005AC254 /* AddMoneyCardTextEntryViewController.xib */ = {isa = PBXFileReference; lastKnownFileType = file.xib; name = AddMoneyCardTextEntryViewController.xib; path = Classes/AddMoneyCardTextEntryViewController.xib; sourceTree = "<group>"; };
		2EA24CF812555ED20020498F /* Transactions.h */ = {isa = PBXFileReference; fileEncoding = 4; lastKnownFileType = sourcecode.c.h; path = Transactions.h; sourceTree = "<group>"; };
		2EA24CF912555ED20020498F /* TransactionDetailRecord.h */ = {isa = PBXFileReference; fileEncoding = 4; lastKnownFileType = sourcecode.c.h; path = TransactionDetailRecord.h; sourceTree = "<group>"; };
		2EA24CFA12555ED20020498F /* TransactionDetailRecordSearchResult.h */ = {isa = PBXFileReference; fileEncoding = 4; lastKnownFileType = sourcecode.c.h; path = TransactionDetailRecordSearchResult.h; sourceTree = "<group>"; };
		2EA24CFC12555ED20020498F /* BrandProduct.h */ = {isa = PBXFileReference; fileEncoding = 4; lastKnownFileType = sourcecode.c.h; path = BrandProduct.h; sourceTree = "<group>"; };
		2EA24CFD12555ED20020498F /* BrandProductBaserate.h */ = {isa = PBXFileReference; fileEncoding = 4; lastKnownFileType = sourcecode.c.h; path = BrandProductBaserate.h; sourceTree = "<group>"; };
		2EA24CFE12555ED20020498F /* BrandProductBaserateSearchResult.h */ = {isa = PBXFileReference; fileEncoding = 4; lastKnownFileType = sourcecode.c.h; path = BrandProductBaserateSearchResult.h; sourceTree = "<group>"; };
		2EA24CFF12555ED20020498F /* BrandProductSchedule.h */ = {isa = PBXFileReference; fileEncoding = 4; lastKnownFileType = sourcecode.c.h; path = BrandProductSchedule.h; sourceTree = "<group>"; };
		2EA24D0012555ED20020498F /* BrandProductScheduleSearchResult.h */ = {isa = PBXFileReference; fileEncoding = 4; lastKnownFileType = sourcecode.c.h; path = BrandProductScheduleSearchResult.h; sourceTree = "<group>"; };
		2EA24D0112555ED20020498F /* BrandProductSearchResult.h */ = {isa = PBXFileReference; fileEncoding = 4; lastKnownFileType = sourcecode.c.h; path = BrandProductSearchResult.h; sourceTree = "<group>"; };
		2EA24D0212555ED20020498F /* BrandService.h */ = {isa = PBXFileReference; fileEncoding = 4; lastKnownFileType = sourcecode.c.h; path = BrandService.h; sourceTree = "<group>"; };
		2EA24D0312555ED20020498F /* BrandServices.h */ = {isa = PBXFileReference; fileEncoding = 4; lastKnownFileType = sourcecode.c.h; path = BrandServices.h; sourceTree = "<group>"; };
		2EA24D0412555ED20020498F /* BrandServiceSearchResult.h */ = {isa = PBXFileReference; fileEncoding = 4; lastKnownFileType = sourcecode.c.h; path = BrandServiceSearchResult.h; sourceTree = "<group>"; };
		2EA24D0512555ED20020498F /* ChargeTypeOperation.h */ = {isa = PBXFileReference; fileEncoding = 4; lastKnownFileType = sourcecode.c.h; path = ChargeTypeOperation.h; sourceTree = "<group>"; };
		2EA24D0612555ED20020498F /* BrandProductPrice.h */ = {isa = PBXFileReference; fileEncoding = 4; lastKnownFileType = sourcecode.c.h; path = BrandProductPrice.h; sourceTree = "<group>"; };
		2EA24D0712555ED20020498F /* BrandProductPlanPrice.h */ = {isa = PBXFileReference; fileEncoding = 4; lastKnownFileType = sourcecode.c.h; path = BrandProductPlanPrice.h; sourceTree = "<group>"; };
		2EA24D0812555ED20020498F /* BrandProductPriceSearchResult.h */ = {isa = PBXFileReference; fileEncoding = 4; lastKnownFileType = sourcecode.c.h; path = BrandProductPriceSearchResult.h; sourceTree = "<group>"; };
		2EA24D0912555ED20020498F /* BrandProductPlanPriceSearchResult.h */ = {isa = PBXFileReference; fileEncoding = 4; lastKnownFileType = sourcecode.c.h; path = BrandProductPlanPriceSearchResult.h; sourceTree = "<group>"; };
		2EA24D0B12555ED20020498F /* Plan.h */ = {isa = PBXFileReference; fileEncoding = 4; lastKnownFileType = sourcecode.c.h; path = Plan.h; sourceTree = "<group>"; };
		2EA24D0C12555ED20020498F /* PlanRC.h */ = {isa = PBXFileReference; fileEncoding = 4; lastKnownFileType = sourcecode.c.h; path = PlanRC.h; sourceTree = "<group>"; };
		2EA24D0D12555ED20020498F /* PlanRCSearchResult.h */ = {isa = PBXFileReference; fileEncoding = 4; lastKnownFileType = sourcecode.c.h; path = PlanRCSearchResult.h; sourceTree = "<group>"; };
		2EA24D0E12555ED20020498F /* Plans.h */ = {isa = PBXFileReference; fileEncoding = 4; lastKnownFileType = sourcecode.c.h; path = Plans.h; sourceTree = "<group>"; };
		2EA24D0F12555ED20020498F /* PlanSearchResult.h */ = {isa = PBXFileReference; fileEncoding = 4; lastKnownFileType = sourcecode.c.h; path = PlanSearchResult.h; sourceTree = "<group>"; };
		2EA24D1112555ED20020498F /* AccountInvoice.h */ = {isa = PBXFileReference; fileEncoding = 4; lastKnownFileType = sourcecode.c.h; path = AccountInvoice.h; sourceTree = "<group>"; };
		2EA24D1212555ED20020498F /* AccountInvoicePayment.h */ = {isa = PBXFileReference; fileEncoding = 4; lastKnownFileType = sourcecode.c.h; path = AccountInvoicePayment.h; sourceTree = "<group>"; };
		2EA24D1312555ED20020498F /* AccountInvoicePaymentSearchResult.h */ = {isa = PBXFileReference; fileEncoding = 4; lastKnownFileType = sourcecode.c.h; path = AccountInvoicePaymentSearchResult.h; sourceTree = "<group>"; };
		2EA24D1412555ED20020498F /* AccountInvoiceSearchResult.h */ = {isa = PBXFileReference; fileEncoding = 4; lastKnownFileType = sourcecode.c.h; path = AccountInvoiceSearchResult.h; sourceTree = "<group>"; };
		2EA24D1512555ED20020498F /* BillingRecord.h */ = {isa = PBXFileReference; fileEncoding = 4; lastKnownFileType = sourcecode.c.h; path = BillingRecord.h; sourceTree = "<group>"; };
		2EA24D1612555ED20020498F /* BillingRecordSearchResult.h */ = {isa = PBXFileReference; fileEncoding = 4; lastKnownFileType = sourcecode.c.h; path = BillingRecordSearchResult.h; sourceTree = "<group>"; };
		2EA24D1712555ED20020498F /* Invoice.h */ = {isa = PBXFileReference; fileEncoding = 4; lastKnownFileType = sourcecode.c.h; path = Invoice.h; sourceTree = "<group>"; };
		2EA24D1812555ED20020498F /* UserPayment.h */ = {isa = PBXFileReference; fileEncoding = 4; lastKnownFileType = sourcecode.c.h; path = UserPayment.h; sourceTree = "<group>"; };
		2EA24D1912555ED20020498F /* UserPaymentSearchResult.h */ = {isa = PBXFileReference; fileEncoding = 4; lastKnownFileType = sourcecode.c.h; path = UserPaymentSearchResult.h; sourceTree = "<group>"; };
		2EA24D1B12555ED20020498F /* UserCard.h */ = {isa = PBXFileReference; fileEncoding = 4; lastKnownFileType = sourcecode.c.h; path = UserCard.h; sourceTree = "<group>"; };
		2EA24D1C12555ED20020498F /* UserCardSearchResult.h */ = {isa = PBXFileReference; fileEncoding = 4; lastKnownFileType = sourcecode.c.h; path = UserCardSearchResult.h; sourceTree = "<group>"; };
		2EA24D1D12555ED20020498F /* UserBankAccount.h */ = {isa = PBXFileReference; fileEncoding = 4; lastKnownFileType = sourcecode.c.h; path = UserBankAccount.h; sourceTree = "<group>"; };
		2EA24D1E12555ED20020498F /* UserBankAccountSearchResult.h */ = {isa = PBXFileReference; fileEncoding = 4; lastKnownFileType = sourcecode.c.h; path = UserBankAccountSearchResult.h; sourceTree = "<group>"; };
		2EA24D1F12555ED20020498F /* PaymentGateway.h */ = {isa = PBXFileReference; fileEncoding = 4; lastKnownFileType = sourcecode.c.h; path = PaymentGateway.h; sourceTree = "<group>"; };
		2EA24D2012555ED20020498F /* PaymentGatewaySearchResult.h */ = {isa = PBXFileReference; fileEncoding = 4; lastKnownFileType = sourcecode.c.h; path = PaymentGatewaySearchResult.h; sourceTree = "<group>"; };
		2EA24D2112555ED20020498F /* CardTransactionHistory.h */ = {isa = PBXFileReference; fileEncoding = 4; lastKnownFileType = sourcecode.c.h; path = CardTransactionHistory.h; sourceTree = "<group>"; };
		2EA24D2212555ED20020498F /* CardTransactionHistorySearchResult.h */ = {isa = PBXFileReference; fileEncoding = 4; lastKnownFileType = sourcecode.c.h; path = CardTransactionHistorySearchResult.h; sourceTree = "<group>"; };
		2EA24D2312555ED20020498F /* CardPayments.h */ = {isa = PBXFileReference; fileEncoding = 4; lastKnownFileType = sourcecode.c.h; path = CardPayments.h; sourceTree = "<group>"; };
		2EA24D2412555ED20020498F /* UserPaymentAuthorization.h */ = {isa = PBXFileReference; fileEncoding = 4; lastKnownFileType = sourcecode.c.h; path = UserPaymentAuthorization.h; sourceTree = "<group>"; };
		2EA24D2512555ED20020498F /* UserPaymentAuthorizationSearchResult.h */ = {isa = PBXFileReference; fileEncoding = 4; lastKnownFileType = sourcecode.c.h; path = UserPaymentAuthorizationSearchResult.h; sourceTree = "<group>"; };
		2EA24D2712555ED20020498F /* Brands.h */ = {isa = PBXFileReference; fileEncoding = 4; lastKnownFileType = sourcecode.c.h; path = Brands.h; sourceTree = "<group>"; };
		2EA24D2812555ED20020498F /* CurrencySearchResult.h */ = {isa = PBXFileReference; fileEncoding = 4; lastKnownFileType = sourcecode.c.h; path = CurrencySearchResult.h; sourceTree = "<group>"; };
		2EA24D2912555ED20020498F /* ExchangeRateSearchResult.h */ = {isa = PBXFileReference; fileEncoding = 4; lastKnownFileType = sourcecode.c.h; path = ExchangeRateSearchResult.h; sourceTree = "<group>"; };
		2EA24D2A12555ED20020498F /* Brand.h */ = {isa = PBXFileReference; fileEncoding = 4; lastKnownFileType = sourcecode.c.h; path = Brand.h; sourceTree = "<group>"; };
		2EA24D2B12555ED20020498F /* Currency.h */ = {isa = PBXFileReference; fileEncoding = 4; lastKnownFileType = sourcecode.c.h; path = Currency.h; sourceTree = "<group>"; };
		2EA24D2C12555ED20020498F /* ExchangeRate.h */ = {isa = PBXFileReference; fileEncoding = 4; lastKnownFileType = sourcecode.c.h; path = ExchangeRate.h; sourceTree = "<group>"; };
		2EA24D2D12555ED20020498F /* BrandProfile.h */ = {isa = PBXFileReference; fileEncoding = 4; lastKnownFileType = sourcecode.c.h; path = BrandProfile.h; sourceTree = "<group>"; };
		2EA24D2E12555ED20020498F /* BrandSearchResult.h */ = {isa = PBXFileReference; fileEncoding = 4; lastKnownFileType = sourcecode.c.h; path = BrandSearchResult.h; sourceTree = "<group>"; };
		2EA24D3012555ED20020498F /* AccountHistory.h */ = {isa = PBXFileReference; fileEncoding = 4; lastKnownFileType = sourcecode.c.h; path = AccountHistory.h; sourceTree = "<group>"; };
		2EA24D3112555ED20020498F /* AccountHistorySearchResult.h */ = {isa = PBXFileReference; fileEncoding = 4; lastKnownFileType = sourcecode.c.h; path = AccountHistorySearchResult.h; sourceTree = "<group>"; };
		2EA24D3212555ED20020498F /* Accounts.h */ = {isa = PBXFileReference; fileEncoding = 4; lastKnownFileType = sourcecode.c.h; path = Accounts.h; sourceTree = "<group>"; };
		2EA24D3312555ED20020498F /* Account.h */ = {isa = PBXFileReference; fileEncoding = 4; lastKnownFileType = sourcecode.c.h; path = Account.h; sourceTree = "<group>"; };
		2EA24D3412555ED20020498F /* AccountPlan.h */ = {isa = PBXFileReference; fileEncoding = 4; lastKnownFileType = sourcecode.c.h; path = AccountPlan.h; sourceTree = "<group>"; };
		2EA24D3512555ED20020498F /* AccountRC.h */ = {isa = PBXFileReference; fileEncoding = 4; lastKnownFileType = sourcecode.c.h; path = AccountRC.h; sourceTree = "<group>"; };
		2EA24D3612555ED20020498F /* AccountRCActivityLog.h */ = {isa = PBXFileReference; fileEncoding = 4; lastKnownFileType = sourcecode.c.h; path = AccountRCActivityLog.h; sourceTree = "<group>"; };
		2EA24D3712555ED20020498F /* AccountPlanSearchResult.h */ = {isa = PBXFileReference; fileEncoding = 4; lastKnownFileType = sourcecode.c.h; path = AccountPlanSearchResult.h; sourceTree = "<group>"; };
		2EA24D3812555ED20020498F /* AccountRCSearchResult.h */ = {isa = PBXFileReference; fileEncoding = 4; lastKnownFileType = sourcecode.c.h; path = AccountRCSearchResult.h; sourceTree = "<group>"; };
		2EA24D3912555ED20020498F /* AccountRCSetting.h */ = {isa = PBXFileReference; fileEncoding = 4; lastKnownFileType = sourcecode.c.h; path = AccountRCSetting.h; sourceTree = "<group>"; };
		2EA24D3A12555ED20020498F /* AccountSearchResult.h */ = {isa = PBXFileReference; fileEncoding = 4; lastKnownFileType = sourcecode.c.h; path = AccountSearchResult.h; sourceTree = "<group>"; };
		2EA24D3B12555ED20020498F /* AccountDevice.h */ = {isa = PBXFileReference; fileEncoding = 4; lastKnownFileType = sourcecode.c.h; path = AccountDevice.h; sourceTree = "<group>"; };
		2EA24D3C12555ED20020498F /* AccountDeviceSearchResult.h */ = {isa = PBXFileReference; fileEncoding = 4; lastKnownFileType = sourcecode.c.h; path = AccountDeviceSearchResult.h; sourceTree = "<group>"; };
		2EA24D3E12555ED20020498F /* User.h */ = {isa = PBXFileReference; fileEncoding = 4; lastKnownFileType = sourcecode.c.h; path = User.h; sourceTree = "<group>"; };
		2EA24D3F12555ED20020498F /* Profile.h */ = {isa = PBXFileReference; fileEncoding = 4; lastKnownFileType = sourcecode.c.h; path = Profile.h; sourceTree = "<group>"; };
		2EA24D4012555ED20020498F /* UserQuestion.h */ = {isa = PBXFileReference; fileEncoding = 4; lastKnownFileType = sourcecode.c.h; path = UserQuestion.h; sourceTree = "<group>"; };
		2EA24D4112555ED20020498F /* UserQuestionSearchResult.h */ = {isa = PBXFileReference; fileEncoding = 4; lastKnownFileType = sourcecode.c.h; path = UserQuestionSearchResult.h; sourceTree = "<group>"; };
		2EA24D4212555ED20020498F /* Users.h */ = {isa = PBXFileReference; fileEncoding = 4; lastKnownFileType = sourcecode.c.h; path = Users.h; sourceTree = "<group>"; };
		2EA24D4312555ED20020498F /* UserSearchResult.h */ = {isa = PBXFileReference; fileEncoding = 4; lastKnownFileType = sourcecode.c.h; path = UserSearchResult.h; sourceTree = "<group>"; };
		2EA24D4412555ED20020498F /* SelfSignUp.h */ = {isa = PBXFileReference; fileEncoding = 4; lastKnownFileType = sourcecode.c.h; path = SelfSignUp.h; sourceTree = "<group>"; };
		2EA24D4512555ED20020498F /* Image.h */ = {isa = PBXFileReference; fileEncoding = 4; lastKnownFileType = sourcecode.c.h; path = Image.h; sourceTree = "<group>"; };
		2EA24D4712555ED20020498F /* Config.h */ = {isa = PBXFileReference; fileEncoding = 4; lastKnownFileType = sourcecode.c.h; path = Config.h; sourceTree = "<group>"; };
		2EA24D4A12555ED20020498F /* XmlParser.h */ = {isa = PBXFileReference; fileEncoding = 4; lastKnownFileType = sourcecode.c.h; path = XmlParser.h; sourceTree = "<group>"; };
		2EA24D4B12555ED20020498F /* TypeMapping.h */ = {isa = PBXFileReference; fileEncoding = 4; lastKnownFileType = sourcecode.c.h; path = TypeMapping.h; sourceTree = "<group>"; };
		2EA24D4C12555ED20020498F /* GDataXMLNode.h */ = {isa = PBXFileReference; fileEncoding = 4; lastKnownFileType = sourcecode.c.h; path = GDataXMLNode.h; sourceTree = "<group>"; };
		2EA24D4D12555ED20020498F /* Util.h */ = {isa = PBXFileReference; fileEncoding = 4; lastKnownFileType = sourcecode.c.h; path = Util.h; sourceTree = "<group>"; };
		2EA24D4F12555ED20020498F /* RestTransport3.h */ = {isa = PBXFileReference; fileEncoding = 4; lastKnownFileType = sourcecode.c.h; path = RestTransport3.h; sourceTree = "<group>"; };
		2EA24D5012555ED20020498F /* XmlHeaderHelper.h */ = {isa = PBXFileReference; fileEncoding = 4; lastKnownFileType = sourcecode.c.h; path = XmlHeaderHelper.h; sourceTree = "<group>"; };
		2EA24D5512555EE50020498F /* libNetmobo.a */ = {isa = PBXFileReference; lastKnownFileType = archive.ar; path = libNetmobo.a; sourceTree = "<group>"; };
		2EB9BC1B1237086500190B24 /* History.h */ = {isa = PBXFileReference; fileEncoding = 4; lastKnownFileType = sourcecode.c.h; path = History.h; sourceTree = "<group>"; };
		2EB9BC1C1237086500190B24 /* History.m */ = {isa = PBXFileReference; fileEncoding = 4; lastKnownFileType = sourcecode.c.objc; path = History.m; sourceTree = "<group>"; };
		2EB9BC1D1237086500190B24 /* HistoryTableCell.h */ = {isa = PBXFileReference; fileEncoding = 4; lastKnownFileType = sourcecode.c.h; path = HistoryTableCell.h; sourceTree = "<group>"; };
		2EB9BC1E1237086500190B24 /* HistoryTableCell.m */ = {isa = PBXFileReference; fileEncoding = 4; lastKnownFileType = sourcecode.c.objc; path = HistoryTableCell.m; sourceTree = "<group>"; };
		2EB9BC2B12370B6200190B24 /* AccountHistoryCell.xib */ = {isa = PBXFileReference; lastKnownFileType = file.xib; path = AccountHistoryCell.xib; sourceTree = "<group>"; };
		2EB9BCCF12372D4400190B24 /* AddMoneyEditViewController.h */ = {isa = PBXFileReference; fileEncoding = 4; lastKnownFileType = sourcecode.c.h; path = AddMoneyEditViewController.h; sourceTree = "<group>"; };
		2EB9BCD012372D4400190B24 /* AddMoneyEditViewController.m */ = {isa = PBXFileReference; fileEncoding = 4; lastKnownFileType = sourcecode.c.objc; path = AddMoneyEditViewController.m; sourceTree = "<group>"; };
		2EB9BCD112372D4400190B24 /* AddMoneyEditViewController.xib */ = {isa = PBXFileReference; lastKnownFileType = file.xib; name = AddMoneyEditViewController.xib; path = Classes/AddMoneyEditViewController.xib; sourceTree = "<group>"; };
		2EB9BE5F1237589300190B24 /* AddMoneyCardViewController.h */ = {isa = PBXFileReference; fileEncoding = 4; lastKnownFileType = sourcecode.c.h; path = AddMoneyCardViewController.h; sourceTree = "<group>"; };
		2EB9BE601237589300190B24 /* AddMoneyCardViewController.m */ = {isa = PBXFileReference; fileEncoding = 4; lastKnownFileType = sourcecode.c.objc; path = AddMoneyCardViewController.m; sourceTree = "<group>"; };
		2EB9BE611237589300190B24 /* AddMoneyCardViewController.xib */ = {isa = PBXFileReference; lastKnownFileType = file.xib; name = AddMoneyCardViewController.xib; path = Classes/AddMoneyCardViewController.xib; sourceTree = "<group>"; };
		2EB9BEC712376B5100190B24 /* AddMoneyCardExpirationViewController.h */ = {isa = PBXFileReference; fileEncoding = 4; lastKnownFileType = sourcecode.c.h; path = AddMoneyCardExpirationViewController.h; sourceTree = "<group>"; };
		2EB9BEC812376B5100190B24 /* AddMoneyCardExpirationViewController.m */ = {isa = PBXFileReference; fileEncoding = 4; lastKnownFileType = sourcecode.c.objc; path = AddMoneyCardExpirationViewController.m; sourceTree = "<group>"; };
		2EB9BEC912376B5100190B24 /* AddMoneyCardExpirationViewController.xib */ = {isa = PBXFileReference; lastKnownFileType = file.xib; name = AddMoneyCardExpirationViewController.xib; path = Classes/AddMoneyCardExpirationViewController.xib; sourceTree = "<group>"; };
		2ED5E99E1230CDA300C3D433 /* LoginViewController.h */ = {isa = PBXFileReference; fileEncoding = 4; lastKnownFileType = sourcecode.c.h; path = LoginViewController.h; sourceTree = "<group>"; };
		2ED5E99F1230CDA300C3D433 /* LoginViewController.m */ = {isa = PBXFileReference; fileEncoding = 4; lastKnownFileType = sourcecode.c.objc; path = LoginViewController.m; sourceTree = "<group>"; };
		2ED5E9A01230CDA300C3D433 /* LoginViewController.xib */ = {isa = PBXFileReference; lastKnownFileType = file.xib; name = LoginViewController.xib; path = Classes/LoginViewController.xib; sourceTree = "<group>"; };
		2ED5E9C31230D3A100C3D433 /* HomeViewController.h */ = {isa = PBXFileReference; fileEncoding = 4; lastKnownFileType = sourcecode.c.h; path = HomeViewController.h; sourceTree = "<group>"; };
		2ED5E9C41230D3A100C3D433 /* HomeViewController.m */ = {isa = PBXFileReference; fileEncoding = 4; lastKnownFileType = sourcecode.c.objc; path = HomeViewController.m; sourceTree = "<group>"; };
		2ED5E9C51230D3A100C3D433 /* HomeViewController.xib */ = {isa = PBXFileReference; lastKnownFileType = file.xib; name = HomeViewController.xib; path = Classes/HomeViewController.xib; sourceTree = "<group>"; };
		2ED915DD1240A3F400C99880 /* State.h */ = {isa = PBXFileReference; fileEncoding = 4; lastKnownFileType = sourcecode.c.h; path = State.h; sourceTree = "<group>"; };
		2ED915DE1240A3F400C99880 /* State.m */ = {isa = PBXFileReference; fileEncoding = 4; lastKnownFileType = sourcecode.c.objc; path = State.m; sourceTree = "<group>"; };
		32CA4F630368D1EE00C91783 /* Aggregate_Prefix.pch */ = {isa = PBXFileReference; fileEncoding = 4; lastKnownFileType = sourcecode.c.h; path = Aggregate_Prefix.pch; sourceTree = "<group>"; };
		8D1107310486CEB800E47090 /* Aggregate-Info.plist */ = {isa = PBXFileReference; fileEncoding = 4; lastKnownFileType = text.plist.xml; path = "Aggregate-Info.plist"; plistStructureDefinitionIdentifier = "com.apple.xcode.plist.structure-definition.iphone.info-plist"; sourceTree = "<group>"; };
/* End PBXFileReference section */

/* Begin PBXFrameworksBuildPhase section */
		1D60588F0D05DD3D006BFB54 /* Frameworks */ = {
			isa = PBXFrameworksBuildPhase;
			buildActionMask = 2147483647;
			files = (
				1D60589F0D05DD5A006BFB54 /* Foundation.framework in Frameworks */,
				1DF5F4E00D08C38300B7A737 /* UIKit.framework in Frameworks */,
				288765A50DF7441C002DB57D /* CoreGraphics.framework in Frameworks */,
				2E8E1FFC1238895E0037DFEF /* QuartzCore.framework in Frameworks */,
				2E7B13C1124735DF00798B54 /* StoreKit.framework in Frameworks */,
				2EA24D5612555EE50020498F /* libNetmobo.a in Frameworks */,
			);
			runOnlyForDeploymentPostprocessing = 0;
		};
/* End PBXFrameworksBuildPhase section */

/* Begin PBXGroup section */
		080E96DDFE201D6D7F000001 /* Classes */ = {
			isa = PBXGroup;
			children = (
				1D3623240D0F684500981E51 /* AggregateAppDelegate.h */,
				1D3623250D0F684500981E51 /* AggregateAppDelegate.m */,
				28D7ACF60DDB3853001CB0EB /* AggregateViewController.h */,
				28D7ACF70DDB3853001CB0EB /* AggregateViewController.m */,
				2ED5E99E1230CDA300C3D433 /* LoginViewController.h */,
				2ED5E99F1230CDA300C3D433 /* LoginViewController.m */,
				2E7337EC1234A03D00D6CE53 /* SignUpViewController.h */,
				2E7337ED1234A03D00D6CE53 /* SignUpViewController.m */,
				2E886AB2123626C3006BE689 /* SignUp2ViewController.h */,
				2E886AB3123626C3006BE689 /* SignUp2ViewController.m */,
				2ED5E9C31230D3A100C3D433 /* HomeViewController.h */,
				2ED5E9C41230D3A100C3D433 /* HomeViewController.m */,
				2E8A467C12365768007CDC19 /* PurchasePluginsViewController.h */,
				2E8A467D12365768007CDC19 /* PurchasePluginsViewController.m */,
				2E46F37412365F1800123CDE /* AccountHistoryViewController.h */,
				2E46F37512365F1800123CDE /* AccountHistoryViewController.m */,
				2E46F36612365C4A00123CDE /* AddMoneyToBalanceViewController.h */,
				2E46F36712365C4A00123CDE /* AddMoneyToBalanceViewController.m */,
				2EB9BCCF12372D4400190B24 /* AddMoneyEditViewController.h */,
				2EB9BCD012372D4400190B24 /* AddMoneyEditViewController.m */,
				2EB9BE5F1237589300190B24 /* AddMoneyCardViewController.h */,
				2EB9BE601237589300190B24 /* AddMoneyCardViewController.m */,
				2EB9BEC712376B5100190B24 /* AddMoneyCardExpirationViewController.h */,
				2EB9BEC812376B5100190B24 /* AddMoneyCardExpirationViewController.m */,
				2E98C7551237BDFE005AC254 /* AddMoneyCardTextEntryViewController.h */,
				2E98C7561237BDFE005AC254 /* AddMoneyCardTextEntryViewController.m */,
				2E7B1357124729AC00798B54 /* AddMoneyInAppPurchaseViewController.h */,
				2E7B1358124729AC00798B54 /* AddMoneyInAppPurchaseViewController.m */,
			);
			path = Classes;
			sourceTree = "<group>";
		};
		19C28FACFE9D520D11CA2CBB /* Products */ = {
			isa = PBXGroup;
			children = (
				1D6058910D05DD3D006BFB54 /* Dynamic Pricing Quickstart.app */,
			);
			name = Products;
			sourceTree = "<group>";
		};
		29B97314FDCFA39411CA2CEA /* CustomTemplate */ = {
			isa = PBXGroup;
			children = (
				2EA24CF512555ED20020498F /* Netmobo */,
				2E73380E1234A26400D6CE53 /* Model */,
				080E96DDFE201D6D7F000001 /* Classes */,
				29B97315FDCFA39411CA2CEA /* Other Sources */,
				29B97317FDCFA39411CA2CEA /* Resources */,
				29B97323FDCFA39411CA2CEA /* Frameworks */,
				19C28FACFE9D520D11CA2CBB /* Products */,
			);
			name = CustomTemplate;
			sourceTree = "<group>";
		};
		29B97315FDCFA39411CA2CEA /* Other Sources */ = {
			isa = PBXGroup;
			children = (
				32CA4F630368D1EE00C91783 /* Aggregate_Prefix.pch */,
				29B97316FDCFA39411CA2CEA /* main.m */,
			);
			name = "Other Sources";
			sourceTree = "<group>";
		};
		29B97317FDCFA39411CA2CEA /* Resources */ = {
			isa = PBXGroup;
			children = (
				2E5482CA12431A30000DEF6D /* Icon.png */,
				2E8A468E1236581F007CDC19 /* grayline.png */,
				2E7337D412349C5200D6CE53 /* blueButton_noshadow.png */,
				2E7337D512349C5200D6CE53 /* whitebutton_noshadow.png */,
				2899E5210DE3E06400AC0155 /* AggregateViewController.xib */,
				2ED5E9A01230CDA300C3D433 /* LoginViewController.xib */,
				2E7337EE1234A03D00D6CE53 /* SignUpViewController.xib */,
				2E886AB4123626C4006BE689 /* SignUp2ViewController.xib */,
				2E886A9212362136006BE689 /* TextEntryCell.xib */,
				2E8A467E12365768007CDC19 /* PurchasePluginsViewController.xib */,
				2E46F36812365C4A00123CDE /* AddMoneyToBalanceViewController.xib */,
				2EB9BCD112372D4400190B24 /* AddMoneyEditViewController.xib */,
				2EB9BE611237589300190B24 /* AddMoneyCardViewController.xib */,
				2EB9BEC912376B5100190B24 /* AddMoneyCardExpirationViewController.xib */,
				2E98C7571237BDFE005AC254 /* AddMoneyCardTextEntryViewController.xib */,
				2E7B1359124729AC00798B54 /* AddMoneyInAppPurchaseViewController.xib */,
				2E46F37612365F1800123CDE /* AccountHistoryViewController.xib */,
				2ED5E9C51230D3A100C3D433 /* HomeViewController.xib */,
				2E46F40B123668C100123CDE /* PurchasePluginsCell.xib */,
				2EB9BC2B12370B6200190B24 /* AccountHistoryCell.xib */,
				28AD733E0D9D9553002E5188 /* MainWindow.xib */,
				8D1107310486CEB800E47090 /* Aggregate-Info.plist */,
			);
			name = Resources;
			sourceTree = "<group>";
		};
		29B97323FDCFA39411CA2CEA /* Frameworks */ = {
			isa = PBXGroup;
			children = (
				2EA24D5512555EE50020498F /* libNetmobo.a */,
				1DF5F4DF0D08C38300B7A737 /* UIKit.framework */,
				1D30AB110D05D00D00671497 /* Foundation.framework */,
				288765A40DF7441C002DB57D /* CoreGraphics.framework */,
				2E8E1FFB1238895E0037DFEF /* QuartzCore.framework */,
				2E7B13C0124735DF00798B54 /* StoreKit.framework */,
			);
			name = Frameworks;
			sourceTree = "<group>";
		};
		2E73380E1234A26400D6CE53 /* Model */ = {
			isa = PBXGroup;
			children = (
				2E73380F1234A27300D6CE53 /* Model.h */,
				2E7338101234A27300D6CE53 /* Model.m */,
				2E3BC49F123E12040012F88B /* Country.h */,
				2E3BC4A0123E12040012F88B /* Country.m */,
				2ED915DD1240A3F400C99880 /* State.h */,
				2ED915DE1240A3F400C99880 /* State.m */,
				2E46F3F51236667E00123CDE /* DescriptionAndNumber.h */,
				2E46F3F61236667E00123CDE /* DescriptionAndNumber.m */,
				2E886A8112361F75006BE689 /* TextEntryCell.h */,
				2E886A8212361F75006BE689 /* TextEntryCell.m */,
				2E886A8312361F75006BE689 /* Entry.h */,
				2E886A8412361F75006BE689 /* Entry.m */,
				2E861F1F1237A30800E697AF /* CardEntry.h */,
				2E861F201237A30800E697AF /* CardEntry.m */,
				2E46F3F21236664400123CDE /* DescriptionAndNumberCell.h */,
				2E46F3F31236664400123CDE /* DescriptionAndNumberCell.m */,
				2EB9BC1B1237086500190B24 /* History.h */,
				2EB9BC1C1237086500190B24 /* History.m */,
				2EB9BC1D1237086500190B24 /* HistoryTableCell.h */,
				2EB9BC1E1237086500190B24 /* HistoryTableCell.m */,
				2E46F3F81236670F00123CDE /* Label2.h */,
				2E46F3F91236670F00123CDE /* Label2.m */,
				2E8E1FEE123883220037DFEF /* MerchantItemData.h */,
				2E8E1FEF123883220037DFEF /* MerchantItemData.m */,
				2E5E4DE31238C26400BA3818 /* PurchaseProducts.h */,
				2E5E4DE41238C26400BA3818 /* PurchaseProducts.m */,
			);
			name = Model;
			sourceTree = "<group>";
		};
		2EA24CF512555ED20020498F /* Netmobo */ = {
			isa = PBXGroup;
			children = (
				2EA24D4812555ED20020498F /* REST_XML_API */,
				2EA24CF612555ED20020498F /* FeeFactor_API */,
			);
			name = Netmobo;
			sourceTree = "<group>";
		};
		2EA24CF612555ED20020498F /* FeeFactor_API */ = {
			isa = PBXGroup;
			children = (
				2EA24D4612555ED20020498F /* Config */,
				2EA24D3D12555ED20020498F /* Users */,
				2EA24D2F12555ED20020498F /* Accounts */,
				2EA24D2612555ED20020498F /* Brands */,
				2EA24D1A12555ED20020498F /* Cardpayments */,
				2EA24D1012555ED20020498F /* Invoices */,
				2EA24D0A12555ED20020498F /* Plans */,
				2EA24CFB12555ED20020498F /* Services */,
				2EA24CF712555ED20020498F /* Transactions */,
			);
			name = FeeFactor_API;
			sourceTree = "<group>";
		};
		2EA24CF712555ED20020498F /* Transactions */ = {
			isa = PBXGroup;
			children = (
				2EA24CF812555ED20020498F /* Transactions.h */,
				2EA24CF912555ED20020498F /* TransactionDetailRecord.h */,
				2EA24CFA12555ED20020498F /* TransactionDetailRecordSearchResult.h */,
			);
			name = Transactions;
			sourceTree = "<group>";
		};
		2EA24CFB12555ED20020498F /* Services */ = {
			isa = PBXGroup;
			children = (
				2EA24CFC12555ED20020498F /* BrandProduct.h */,
				2EA24CFD12555ED20020498F /* BrandProductBaserate.h */,
				2EA24CFE12555ED20020498F /* BrandProductBaserateSearchResult.h */,
				2EA24CFF12555ED20020498F /* BrandProductSchedule.h */,
				2EA24D0012555ED20020498F /* BrandProductScheduleSearchResult.h */,
				2EA24D0112555ED20020498F /* BrandProductSearchResult.h */,
				2EA24D0212555ED20020498F /* BrandService.h */,
				2EA24D0312555ED20020498F /* BrandServices.h */,
				2EA24D0412555ED20020498F /* BrandServiceSearchResult.h */,
				2EA24D0512555ED20020498F /* ChargeTypeOperation.h */,
				2EA24D0612555ED20020498F /* BrandProductPrice.h */,
				2EA24D0712555ED20020498F /* BrandProductPlanPrice.h */,
				2EA24D0812555ED20020498F /* BrandProductPriceSearchResult.h */,
				2EA24D0912555ED20020498F /* BrandProductPlanPriceSearchResult.h */,
			);
			name = Services;
			sourceTree = "<group>";
		};
		2EA24D0A12555ED20020498F /* Plans */ = {
			isa = PBXGroup;
			children = (
				2EA24D0B12555ED20020498F /* Plan.h */,
				2EA24D0C12555ED20020498F /* PlanRC.h */,
				2EA24D0D12555ED20020498F /* PlanRCSearchResult.h */,
				2EA24D0E12555ED20020498F /* Plans.h */,
				2EA24D0F12555ED20020498F /* PlanSearchResult.h */,
			);
			name = Plans;
			sourceTree = "<group>";
		};
		2EA24D1012555ED20020498F /* Invoices */ = {
			isa = PBXGroup;
			children = (
				2EA24D1112555ED20020498F /* AccountInvoice.h */,
				2EA24D1212555ED20020498F /* AccountInvoicePayment.h */,
				2EA24D1312555ED20020498F /* AccountInvoicePaymentSearchResult.h */,
				2EA24D1412555ED20020498F /* AccountInvoiceSearchResult.h */,
				2EA24D1512555ED20020498F /* BillingRecord.h */,
				2EA24D1612555ED20020498F /* BillingRecordSearchResult.h */,
				2EA24D1712555ED20020498F /* Invoice.h */,
				2EA24D1812555ED20020498F /* UserPayment.h */,
				2EA24D1912555ED20020498F /* UserPaymentSearchResult.h */,
			);
			name = Invoices;
			sourceTree = "<group>";
		};
		2EA24D1A12555ED20020498F /* Cardpayments */ = {
			isa = PBXGroup;
			children = (
				2EA24D1B12555ED20020498F /* UserCard.h */,
				2EA24D1C12555ED20020498F /* UserCardSearchResult.h */,
				2EA24D1D12555ED20020498F /* UserBankAccount.h */,
				2EA24D1E12555ED20020498F /* UserBankAccountSearchResult.h */,
				2EA24D1F12555ED20020498F /* PaymentGateway.h */,
				2EA24D2012555ED20020498F /* PaymentGatewaySearchResult.h */,
				2EA24D2112555ED20020498F /* CardTransactionHistory.h */,
				2EA24D2212555ED20020498F /* CardTransactionHistorySearchResult.h */,
				2EA24D2312555ED20020498F /* CardPayments.h */,
				2EA24D2412555ED20020498F /* UserPaymentAuthorization.h */,
				2EA24D2512555ED20020498F /* UserPaymentAuthorizationSearchResult.h */,
			);
			name = Cardpayments;
			sourceTree = "<group>";
		};
		2EA24D2612555ED20020498F /* Brands */ = {
			isa = PBXGroup;
			children = (
				2EA24D2712555ED20020498F /* Brands.h */,
				2EA24D2812555ED20020498F /* CurrencySearchResult.h */,
				2EA24D2912555ED20020498F /* ExchangeRateSearchResult.h */,
				2EA24D2A12555ED20020498F /* Brand.h */,
				2EA24D2B12555ED20020498F /* Currency.h */,
				2EA24D2C12555ED20020498F /* ExchangeRate.h */,
				2EA24D2D12555ED20020498F /* BrandProfile.h */,
				2EA24D2E12555ED20020498F /* BrandSearchResult.h */,
			);
			name = Brands;
			sourceTree = "<group>";
		};
		2EA24D2F12555ED20020498F /* Accounts */ = {
			isa = PBXGroup;
			children = (
				2EA24D3012555ED20020498F /* AccountHistory.h */,
				2EA24D3112555ED20020498F /* AccountHistorySearchResult.h */,
				2EA24D3212555ED20020498F /* Accounts.h */,
				2EA24D3312555ED20020498F /* Account.h */,
				2EA24D3412555ED20020498F /* AccountPlan.h */,
				2EA24D3512555ED20020498F /* AccountRC.h */,
				2EA24D3612555ED20020498F /* AccountRCActivityLog.h */,
				2EA24D3712555ED20020498F /* AccountPlanSearchResult.h */,
				2EA24D3812555ED20020498F /* AccountRCSearchResult.h */,
				2EA24D3912555ED20020498F /* AccountRCSetting.h */,
				2EA24D3A12555ED20020498F /* AccountSearchResult.h */,
				2EA24D3B12555ED20020498F /* AccountDevice.h */,
				2EA24D3C12555ED20020498F /* AccountDeviceSearchResult.h */,
			);
			name = Accounts;
			sourceTree = "<group>";
		};
		2EA24D3D12555ED20020498F /* Users */ = {
			isa = PBXGroup;
			children = (
				2EA24D3E12555ED20020498F /* User.h */,
				2EA24D3F12555ED20020498F /* Profile.h */,
				2EA24D4012555ED20020498F /* UserQuestion.h */,
				2EA24D4112555ED20020498F /* UserQuestionSearchResult.h */,
				2EA24D4212555ED20020498F /* Users.h */,
				2EA24D4312555ED20020498F /* UserSearchResult.h */,
				2EA24D4412555ED20020498F /* SelfSignUp.h */,
				2EA24D4512555ED20020498F /* Image.h */,
			);
			name = Users;
			sourceTree = "<group>";
		};
		2EA24D4612555ED20020498F /* Config */ = {
			isa = PBXGroup;
			children = (
				2EA24D4712555ED20020498F /* Config.h */,
			);
			name = Config;
			sourceTree = "<group>";
		};
		2EA24D4812555ED20020498F /* REST_XML_API */ = {
			isa = PBXGroup;
			children = (
				2EA24D4E12555ED20020498F /* Transport */,
				2EA24D4912555ED20020498F /* Util */,
			);
			name = REST_XML_API;
			sourceTree = "<group>";
		};
		2EA24D4912555ED20020498F /* Util */ = {
			isa = PBXGroup;
			children = (
				2EA24D4A12555ED20020498F /* XmlParser.h */,
				2EA24D4B12555ED20020498F /* TypeMapping.h */,
				2EA24D4C12555ED20020498F /* GDataXMLNode.h */,
				2EA24D4D12555ED20020498F /* Util.h */,
			);
			name = Util;
			sourceTree = "<group>";
		};
		2EA24D4E12555ED20020498F /* Transport */ = {
			isa = PBXGroup;
			children = (
				2EA24D4F12555ED20020498F /* RestTransport3.h */,
				2EA24D5012555ED20020498F /* XmlHeaderHelper.h */,
			);
			name = Transport;
			sourceTree = "<group>";
		};
/* End PBXGroup section */

/* Begin PBXNativeTarget section */
		1D6058900D05DD3D006BFB54 /* Aggregate */ = {
			isa = PBXNativeTarget;
			buildConfigurationList = 1D6058960D05DD3E006BFB54 /* Build configuration list for PBXNativeTarget "Aggregate" */;
			buildPhases = (
				1D60588D0D05DD3D006BFB54 /* Resources */,
				1D60588E0D05DD3D006BFB54 /* Sources */,
				1D60588F0D05DD3D006BFB54 /* Frameworks */,
			);
			buildRules = (
			);
			dependencies = (
			);
			name = Aggregate;
			productName = Aggregate;
			productReference = 1D6058910D05DD3D006BFB54 /* Dynamic Pricing Quickstart.app */;
			productType = "com.apple.product-type.application";
		};
/* End PBXNativeTarget section */

/* Begin PBXProject section */
		29B97313FDCFA39411CA2CEA /* Project object */ = {
			isa = PBXProject;
			buildConfigurationList = C01FCF4E08A954540054247B /* Build configuration list for PBXProject "Aggregate" */;
			compatibilityVersion = "Xcode 3.1";
			hasScannedForEncodings = 1;
			mainGroup = 29B97314FDCFA39411CA2CEA /* CustomTemplate */;
			projectDirPath = "";
			projectRoot = "";
			targets = (
				1D6058900D05DD3D006BFB54 /* Aggregate */,
			);
		};
/* End PBXProject section */

/* Begin PBXResourcesBuildPhase section */
		1D60588D0D05DD3D006BFB54 /* Resources */ = {
			isa = PBXResourcesBuildPhase;
			buildActionMask = 2147483647;
			files = (
				28AD733F0D9D9553002E5188 /* MainWindow.xib in Resources */,
				2899E5220DE3E06400AC0155 /* AggregateViewController.xib in Resources */,
				2ED5E9A21230CDA300C3D433 /* LoginViewController.xib in Resources */,
				2ED5E9C71230D3A100C3D433 /* HomeViewController.xib in Resources */,
				2E7337D612349C5200D6CE53 /* blueButton_noshadow.png in Resources */,
				2E7337D712349C5200D6CE53 /* whitebutton_noshadow.png in Resources */,
				2E7337F01234A03D00D6CE53 /* SignUpViewController.xib in Resources */,
				2E886A9312362136006BE689 /* TextEntryCell.xib in Resources */,
				2E886AB6123626C4006BE689 /* SignUp2ViewController.xib in Resources */,
				2E8A468012365768007CDC19 /* PurchasePluginsViewController.xib in Resources */,
				2E8A468F1236581F007CDC19 /* grayline.png in Resources */,
				2E46F36A12365C4A00123CDE /* AddMoneyToBalanceViewController.xib in Resources */,
				2E46F37812365F1800123CDE /* AccountHistoryViewController.xib in Resources */,
				2E46F40C123668C100123CDE /* PurchasePluginsCell.xib in Resources */,
				2EB9BC2C12370B6200190B24 /* AccountHistoryCell.xib in Resources */,
				2EB9BCD312372D4400190B24 /* AddMoneyEditViewController.xib in Resources */,
				2EB9BE631237589300190B24 /* AddMoneyCardViewController.xib in Resources */,
				2EB9BECB12376B5100190B24 /* AddMoneyCardExpirationViewController.xib in Resources */,
				2E98C7591237BDFE005AC254 /* AddMoneyCardTextEntryViewController.xib in Resources */,
				2E5482CB12431A30000DEF6D /* Icon.png in Resources */,
				2E7B135B124729AC00798B54 /* AddMoneyInAppPurchaseViewController.xib in Resources */,
			);
			runOnlyForDeploymentPostprocessing = 0;
		};
/* End PBXResourcesBuildPhase section */

/* Begin PBXSourcesBuildPhase section */
		1D60588E0D05DD3D006BFB54 /* Sources */ = {
			isa = PBXSourcesBuildPhase;
			buildActionMask = 2147483647;
			files = (
				1D60589B0D05DD56006BFB54 /* main.m in Sources */,
				1D3623260D0F684500981E51 /* AggregateAppDelegate.m in Sources */,
				28D7ACF80DDB3853001CB0EB /* AggregateViewController.m in Sources */,
				2ED5E9A11230CDA300C3D433 /* LoginViewController.m in Sources */,
				2ED5E9C61230D3A100C3D433 /* HomeViewController.m in Sources */,
				2E7337EF1234A03D00D6CE53 /* SignUpViewController.m in Sources */,
				2E7338111234A27300D6CE53 /* Model.m in Sources */,
				2E886A8512361F75006BE689 /* TextEntryCell.m in Sources */,
				2E886A8612361F75006BE689 /* Entry.m in Sources */,
				2E886AB5123626C4006BE689 /* SignUp2ViewController.m in Sources */,
				2E8A467F12365768007CDC19 /* PurchasePluginsViewController.m in Sources */,
				2E46F36912365C4A00123CDE /* AddMoneyToBalanceViewController.m in Sources */,
				2E46F37712365F1800123CDE /* AccountHistoryViewController.m in Sources */,
				2E46F3F41236664400123CDE /* DescriptionAndNumberCell.m in Sources */,
				2E46F3F71236667E00123CDE /* DescriptionAndNumber.m in Sources */,
				2E46F3FA1236670F00123CDE /* Label2.m in Sources */,
				2EB9BC1F1237086500190B24 /* History.m in Sources */,
				2EB9BC201237086500190B24 /* HistoryTableCell.m in Sources */,
				2EB9BCD212372D4400190B24 /* AddMoneyEditViewController.m in Sources */,
				2EB9BE621237589300190B24 /* AddMoneyCardViewController.m in Sources */,
				2EB9BECA12376B5100190B24 /* AddMoneyCardExpirationViewController.m in Sources */,
				2E861F211237A30800E697AF /* CardEntry.m in Sources */,
				2E98C7581237BDFE005AC254 /* AddMoneyCardTextEntryViewController.m in Sources */,
				2E8E1FF0123883220037DFEF /* MerchantItemData.m in Sources */,
				2E5E4DE51238C26400BA3818 /* PurchaseProducts.m in Sources */,
				2E3BC4A1123E12040012F88B /* Country.m in Sources */,
				2ED915DF1240A3F400C99880 /* State.m in Sources */,
				2E7B135A124729AC00798B54 /* AddMoneyInAppPurchaseViewController.m in Sources */,
			);
			runOnlyForDeploymentPostprocessing = 0;
		};
/* End PBXSourcesBuildPhase section */

/* Begin XCBuildConfiguration section */
		1D6058940D05DD3E006BFB54 /* Debug */ = {
			isa = XCBuildConfiguration;
			buildSettings = {
				ALWAYS_SEARCH_USER_PATHS = NO;
				CODE_SIGN_ENTITLEMENTS = "";
				"CODE_SIGN_IDENTITY[sdk=iphoneos*]" = "iPhone Developer: Vicente Malixi (N53W2MZ2KB)";
				COPY_PHASE_STRIP = NO;
				GCC_DYNAMIC_NO_PIC = NO;
				GCC_OPTIMIZATION_LEVEL = 0;
				GCC_PRECOMPILE_PREFIX_HEADER = YES;
				GCC_PREFIX_HEADER = Aggregate_Prefix.pch;
				INFOPLIST_FILE = "Aggregate-Info.plist";
				LIBRARY_SEARCH_PATHS = (
					"$(inherited)",
					"\"$(SRCROOT)\"",
				);
				PRODUCT_NAME = "Dynamic Pricing Quickstart";
				"PROVISIONING_PROFILE[sdk=iphoneos*]" = "BD92CF5F-B90E-4D1C-9E03-AF30D3E4C6B6";
			};
			name = Debug;
		};
		1D6058950D05DD3E006BFB54 /* Release */ = {
			isa = XCBuildConfiguration;
			buildSettings = {
				ALWAYS_SEARCH_USER_PATHS = NO;
				CODE_SIGN_ENTITLEMENTS = "";
				"CODE_SIGN_IDENTITY[sdk=iphoneos*]" = "iPhone Developer: Vicente Malixi (N53W2MZ2KB)";
				COPY_PHASE_STRIP = YES;
				GCC_PRECOMPILE_PREFIX_HEADER = YES;
				GCC_PREFIX_HEADER = Aggregate_Prefix.pch;
				INFOPLIST_FILE = "Aggregate-Info.plist";
				LIBRARY_SEARCH_PATHS = (
					"$(inherited)",
					"\"$(SRCROOT)\"",
				);
				PRODUCT_NAME = "Dynamic Pricing Quickstart";
				"PROVISIONING_PROFILE[sdk=iphoneos*]" = "BD92CF5F-B90E-4D1C-9E03-AF30D3E4C6B6";
				VALIDATE_PRODUCT = YES;
			};
			name = Release;
		};
		C01FCF4F08A954540054247B /* Debug */ = {
			isa = XCBuildConfiguration;
			buildSettings = {
				ARCHS = "$(ARCHS_STANDARD_32_BIT)";
				CODE_SIGN_ENTITLEMENTS = "";
				"CODE_SIGN_IDENTITY[sdk=iphoneos*]" = "iPhone Developer: Vicente Malixi (N53W2MZ2KB)";
				GCC_C_LANGUAGE_STANDARD = c99;
				GCC_WARN_ABOUT_RETURN_TYPE = YES;
				GCC_WARN_UNUSED_VARIABLE = YES;
				HEADER_SEARCH_PATHS = /usr/include/libxml2;
				IPHONEOS_DEPLOYMENT_TARGET = 3.0;
				OTHER_LDFLAGS = "-lxml2";
				PREBINDING = NO;
				PRODUCT_NAME = "Dynamic Pricing Quickstart";
				"PROVISIONING_PROFILE[sdk=iphoneos*]" = "BD92CF5F-B90E-4D1C-9E03-AF30D3E4C6B6";
				SDKROOT = iphoneos4.0;
			};
			name = Debug;
		};
		C01FCF5008A954540054247B /* Release */ = {
			isa = XCBuildConfiguration;
			buildSettings = {
				ARCHS = "$(ARCHS_STANDARD_32_BIT)";
				CODE_SIGN_ENTITLEMENTS = "";
				"CODE_SIGN_IDENTITY[sdk=iphoneos*]" = "iPhone Developer: Vicente Malixi (N53W2MZ2KB)";
				GCC_C_LANGUAGE_STANDARD = c99;
				GCC_WARN_ABOUT_RETURN_TYPE = YES;
				GCC_WARN_UNUSED_VARIABLE = YES;
				HEADER_SEARCH_PATHS = /usr/include/libxml2;
				IPHONEOS_DEPLOYMENT_TARGET = 3.0;
				OTHER_CFLAGS = "-DNS_BLOCK_ASSERTIONS=1";
				OTHER_LDFLAGS = "-lxml2";
				PREBINDING = NO;
				PRODUCT_NAME = "Dynamic Pricing Quickstart";
				"PROVISIONING_PROFILE[sdk=iphoneos*]" = "BD92CF5F-B90E-4D1C-9E03-AF30D3E4C6B6";
				SDKROOT = iphoneos4.0;
			};
			name = Release;
		};
/* End XCBuildConfiguration section */

/* Begin XCConfigurationList section */
		1D6058960D05DD3E006BFB54 /* Build configuration list for PBXNativeTarget "Aggregate" */ = {
			isa = XCConfigurationList;
			buildConfigurations = (
				1D6058940D05DD3E006BFB54 /* Debug */,
				1D6058950D05DD3E006BFB54 /* Release */,
			);
			defaultConfigurationIsVisible = 0;
			defaultConfigurationName = Release;
		};
		C01FCF4E08A954540054247B /* Build configuration list for PBXProject "Aggregate" */ = {
			isa = XCConfigurationList;
			buildConfigurations = (
				C01FCF4F08A954540054247B /* Debug */,
				C01FCF5008A954540054247B /* Release */,
			);
			defaultConfigurationIsVisible = 0;
			defaultConfigurationName = Release;
		};
/* End XCConfigurationList section */
	};
	rootObject = 29B97313FDCFA39411CA2CEA /* Project object */;
}
